
Microsoft Visual Studio Solution File, Format Version 12.00
# Visual Studio 2012
Project("{E24C65DC-7377-472B-9ABA-BC803B73C61A}") = "SafeReturn", ".", "{8C01A1DD-C583-44B7-9961-C16FFBC9CC73}"
	ProjectSection(WebsiteProperties) = preProject
		TargetFrameworkMoniker = ".NETFramework,Version%3Dv4.5"
		Debug.AspNetCompiler.VirtualPath = "/SafeReturn"
		Debug.AspNetCompiler.PhysicalPath = "..\..\WebSites\trunk\SafeReturn\"
		Debug.AspNetCompiler.TargetPath = "PrecompiledWeb\SafeReturn\"
		Debug.AspNetCompiler.Updateable = "true"
		Debug.AspNetCompiler.ForceOverwrite = "true"
		Debug.AspNetCompiler.FixedNames = "false"
		Debug.AspNetCompiler.Debug = "True"
		Release.AspNetCompiler.VirtualPath = "/SafeReturn"
		Release.AspNetCompiler.PhysicalPath = "..\..\WebSites\trunk\SafeReturn\"
		Release.AspNetCompiler.TargetPath = "PrecompiledWeb\SafeReturn\"
		Release.AspNetCompiler.Updateable = "true"
		Release.AspNetCompiler.ForceOverwrite = "true"
		Release.AspNetCompiler.FixedNames = "false"
		Release.AspNetCompiler.Debug = "False"
		VWDPort = "52397"
	EndProjectSection
EndProject
Global
	GlobalSection(SolutionConfigurationPlatforms) = preSolution
		Debug|Any CPU = Debug|Any CPU
	EndGlobalSection
	GlobalSection(ProjectConfigurationPlatforms) = postSolution
		{8C01A1DD-C583-44B7-9961-C16FFBC9CC73}.Debug|Any CPU.ActiveCfg = Debug|Any CPU
		{8C01A1DD-C583-44B7-9961-C16FFBC9CC73}.Debug|Any CPU.Build.0 = Debug|Any CPU
	EndGlobalSection
	GlobalSection(SolutionProperties) = preSolution
		HideSolutionNode = FALSE
	EndGlobalSection
EndGlobal
